name: Battlestar Galactica Deadlock
description: >
  Battlestar Galactica Deadlock is a turn-based tactical space strategy game
  set during the First Cylon War, letting players command Colonial fleets in
  simultaneous-turn battles.
based_on:
  - Shows/2004/Battlestar Galactica
released: 2017-08-31
genres:
  - simulator
  - strategy
  - turn-based strategy
wikipedia: https://en.wikipedia.org/wiki/Battlestar_Galactica_Deadlock
metacritic: https://www.metacritic.com/game/battlestar-galactica-deadlock/
igdb: https://www.igdb.com/games/battlestar-galactica-deadlock
website: https://www.slitherine.com/game/battlestar-galactica-deadlock
steam: https://store.steampowered.com/app/544610/Battlestar_Galactica_Deadlock/
developers: Black Lab Games
publishers:
  - Slitherine
  - Slitherine Software UK
